
Microsoft Visual Studio Solution File, Format Version 12.00
# Visual Studio Version 17
VisualStudioVersion = 17.2.32526.322
MinimumVisualStudioVersion = 10.0.40219.1
Project("{FAE04EC0-301F-11D3-BF4B-00C04F79EFBC}") = "Insight.Product.WebApi", "Insight.Product.WebApi\Insight.Product.WebApi.csproj", "{17284C88-D078-4A57-ACF6-23602A08E047}"
EndProject
Project("{2150E333-8FDC-42A3-9474-1A3956D46DE8}") = "Database", "Database", "{C8298F0E-23F8-4A43-AF03-A05C661A1513}"
	ProjectSection(SolutionItems) = preProject
		Script.sql = Script.sql
	EndProjectSection
EndProject
Global
	GlobalSection(SolutionConfigurationPlatforms) = preSolution
		Debug|Any CPU = Debug|Any CPU
		Release|Any CPU = Release|Any CPU
	EndGlobalSection
	GlobalSection(ProjectConfigurationPlatforms) = postSolution
		{17284C88-D078-4A57-ACF6-23602A08E047}.Debug|Any CPU.ActiveCfg = Debug|Any CPU
		{17284C88-D078-4A57-ACF6-23602A08E047}.Debug|Any CPU.Build.0 = Debug|Any CPU
		{17284C88-D078-4A57-ACF6-23602A08E047}.Release|Any CPU.ActiveCfg = Release|Any CPU
		{17284C88-D078-4A57-ACF6-23602A08E047}.Release|Any CPU.Build.0 = Release|Any CPU
	EndGlobalSection
	GlobalSection(SolutionProperties) = preSolution
		HideSolutionNode = FALSE
	EndGlobalSection
	GlobalSection(ExtensibilityGlobals) = postSolution
		SolutionGuid = {8B57DD25-4A4A-4F81-9478-0EA728157BAF}
	EndGlobalSection
EndGlobal
